# This file is automatically @generated by Cargo.
# It is not intended for manual editing.
version = 4

[[package]]
name = "webgate-app"
version = "0.1.0"
dependencies = [
 "webgate-browser",
 "webgate-core",
 "webgate-platform",
 "webgate-transport",
]

[[package]]
name = "webgate-browser"
version = "0.1.0"
dependencies = [
 "webgate-core",
]

[[package]]
name = "webgate-core"
version = "0.1.0"

[[package]]
name = "webgate-platform"
version = "0.1.0"
dependencies = [
 "webgate-core",
]

[[package]]
name = "webgate-transport"
version = "0.1.0"
dependencies = [
 "webgate-core",
]
